
Microsoft Visual Studio Solution File, Format Version 12.00
# Visual Studio Version 17
VisualStudioVersion = 17.0.31912.275
MinimumVisualStudioVersion = 10.0.40219.1
Project("{FAE04EC0-301F-11D3-BF4B-00C04F79EFBC}") = "HMS", "HMS.csproj", "{C45420A9-B719-4489-B92A-ECD917187C06}"
EndProject
Global
	GlobalSection(SolutionConfigurationPlatforms) = preSolution
		Debug|Any CPU = Debug|Any CPU
		Release|Any CPU = Release|Any CPU
	EndGlobalSection
	GlobalSection(ProjectConfigurationPlatforms) = postSolution
		{C45420A9-B719-4489-B92A-ECD917187C06}.Debug|Any CPU.ActiveCfg = Debug|Any CPU
		{C45420A9-B719-4489-B92A-ECD917187C06}.Debug|Any CPU.Build.0 = Debug|Any CPU
		{C45420A9-B719-4489-B92A-ECD917187C06}.Release|Any CPU.ActiveCfg = Release|Any CPU
		{C45420A9-B719-4489-B92A-ECD917187C06}.Release|Any CPU.Build.0 = Release|Any CPU
	EndGlobalSection
	GlobalSection(SolutionProperties) = preSolution
		HideSolutionNode = FALSE
	EndGlobalSection
	GlobalSection(ExtensibilityGlobals) = postSolution
		SolutionGuid = {14382FA5-E17E-4B5F-A4B0-803977F86343}
	EndGlobalSection
EndGlobal
